// !$*UTF8*$!
{
	archiveVersion = 1;
	classes = {
	};
	objectVersion = 56;
	objects = {

/* Begin PBXBuildFile section */
		9FED89D82C3AD82F00355A3D /* MyCalendarApp.swift in Sources */ = {isa = PBXBuildFile; fileRef = 9FED89D72C3AD82F00355A3D /* MyCalendarApp.swift */; };
		9FED89DA2C3AD82F00355A3D /* Persistence.swift in Sources */ = {isa = PBXBuildFile; fileRef = 9FED89D92C3AD82F00355A3D /* Persistence.swift */; };
		9FED89DD2C3AD82F00355A3D /* MyCalendar.xcdatamodeld in Sources */ = {isa = PBXBuildFile; fileRef = 9FED89DB2C3AD82F00355A3D /* MyCalendar.xcdatamodeld */; };
		9FED89DF2C3AD82F00355A3D /* ContentView.swift in Sources */ = {isa = PBXBuildFile; fileRef = 9FED89DE2C3AD82F00355A3D /* ContentView.swift */; };
		9FED89E12C3AD83000355A3D /* Assets.xcassets in Resources */ = {isa = PBXBuildFile; fileRef = 9FED89E02C3AD83000355A3D /* Assets.xcassets */; };
		9FED89E52C3AD83000355A3D /* Preview Assets.xcassets in Resources */ = {isa = PBXBuildFile; fileRef = 9FED89E42C3AD83000355A3D /* Preview Assets.xcassets */; };
		9FED89EF2C3AD83000355A3D /* MyCalendarTests.swift in Sources */ = {isa = PBXBuildFile; fileRef = 9FED89EE2C3AD83000355A3D /* MyCalendarTests.swift */; };
		9FED89F92C3AD83000355A3D /* MyCalendarUITests.swift in Sources */ = {isa = PBXBuildFile; fileRef = 9FED89F82C3AD83000355A3D /* MyCalendarUITests.swift */; };
		9FED89FB2C3AD83000355A3D /* MyCalendarUITestsLaunchTests.swift in Sources */ = {isa = PBXBuildFile; fileRef = 9FED89FA2C3AD83000355A3D /* MyCalendarUITestsLaunchTests.swift */; };
/* End PBXBuildFile section */

/* Begin PBXContainerItemProxy section */
		9FED89EB2C3AD83000355A3D /* PBXContainerItemProxy */ = {
			isa = PBXContainerItemProxy;
			containerPortal = 9FED89CC2C3AD82F00355A3D /* Project object */;
			proxyType = 1;
			remoteGlobalIDString = 9FED89D32C3AD82F00355A3D;
			remoteInfo = MyCalendar;
		};
		9FED89F52C3AD83000355A3D /* PBXContainerItemProxy */ = {
			isa = PBXContainerItemProxy;
			containerPortal = 9FED89CC2C3AD82F00355A3D /* Project object */;
			proxyType = 1;
			remoteGlobalIDString = 9FED89D32C3AD82F00355A3D;
			remoteInfo = MyCalendar;
		};
/* End PBXContainerItemProxy section */

/* Begin PBXFileReference section */
		9FED89D42C3AD82F00355A3D /* MyCalendar.app */ = {isa = PBXFileReference; explicitFileType = wrapper.application; includeInIndex = 0; path = MyCalendar.app; sourceTree = BUILT_PRODUCTS_DIR; };
		9FED89D72C3AD82F00355A3D /* MyCalendarApp.swift */ = {isa = PBXFileReference; lastKnownFileType = sourcecode.swift; path = MyCalendarApp.swift; sourceTree = "<group>"; };
		9FED89D92C3AD82F00355A3D /* Persistence.swift */ = {isa = PBXFileReference; lastKnownFileType = sourcecode.swift; path = Persistence.swift; sourceTree = "<group>"; };
		9FED89DC2C3AD82F00355A3D /* MyCalendar.xcdatamodel */ = {isa = PBXFileReference; lastKnownFileType = wrapper.xcdatamodel; path = MyCalendar.xcdatamodel; sourceTree = "<group>"; };
		9FED89DE2C3AD82F00355A3D /* ContentView.swift */ = {isa = PBXFileReference; lastKnownFileType = sourcecode.swift; path = ContentView.swift; sourceTree = "<group>"; };
		9FED89E02C3AD83000355A3D /* Assets.xcassets */ = {isa = PBXFileReference; lastKnownFileType = folder.assetcatalog; path = Assets.xcassets; sourceTree = "<group>"; };
		9FED89E22C3AD83000355A3D /* MyCalendar.entitlements */ = {isa = PBXFileReference; lastKnownFileType = text.plist.entitlements; path = MyCalendar.entitlements; sourceTree = "<group>"; };
		9FED89E42C3AD83000355A3D /* Preview Assets.xcassets */ = {isa = PBXFileReference; lastKnownFileType = folder.assetcatalog; path = "Preview Assets.xcassets"; sourceTree = "<group>"; };
		9FED89EA2C3AD83000355A3D /* MyCalendarTests.xctest */ = {isa = PBXFileReference; explicitFileType = wrapper.cfbundle; includeInIndex = 0; path = MyCalendarTests.xctest; sourceTree = BUILT_PRODUCTS_DIR; };
		9FED89EE2C3AD83000355A3D /* MyCalendarTests.swift */ = {isa = PBXFileReference; lastKnownFileType = sourcecode.swift; path = MyCalendarTests.swift; sourceTree = "<group>"; };
		9FED89F42C3AD83000355A3D /* MyCalendarUITests.xctest */ = {isa = PBXFileReference; explicitFileType = wrapper.cfbundle; includeInIndex = 0; path = MyCalendarUITests.xctest; sourceTree = BUILT_PRODUCTS_DIR; };
		9FED89F82C3AD83000355A3D /* MyCalendarUITests.swift */ = {isa = PBXFileReference; lastKnownFileType = sourcecode.swift; path = MyCalendarUITests.swift; sourceTree = "<group>"; };
		9FED89FA2C3AD83000355A3D /* MyCalendarUITestsLaunchTests.swift */ = {isa = PBXFileReference; lastKnownFileType = sourcecode.swift; path = MyCalendarUITestsLaunchTests.swift; sourceTree = "<group>"; };
/* End PBXFileReference section */

/* Begin PBXFrameworksBuildPhase section */
		9FED89D12C3AD82F00355A3D /* Frameworks */ = {
			isa = PBXFrameworksBuildPhase;
			buildActionMask = 2147483647;
			files = (
			);
			runOnlyForDeploymentPostprocessing = 0;
		};
		9FED89E72C3AD83000355A3D /* Frameworks */ = {
			isa = PBXFrameworksBuildPhase;
			buildActionMask = 2147483647;
			files = (
			);
			runOnlyForDeploymentPostprocessing = 0;
		};
		9FED89F12C3AD83000355A3D /* Frameworks */ = {
			isa = PBXFrameworksBuildPhase;
			buildActionMask = 2147483647;
			files = (
			);
			runOnlyForDeploymentPostprocessing = 0;
		};
/* End PBXFrameworksBuildPhase section */

/* Begin PBXGroup section */
		9FED89CB2C3AD82F00355A3D = {
			isa = PBXGroup;
			children = (
				9FED89D62C3AD82F00355A3D /* MyCalendar */,
				9FED89ED2C3AD83000355A3D /* MyCalendarTests */,
				9FED89F72C3AD83000355A3D /* MyCalendarUITests */,
				9FED89D52C3AD82F00355A3D /* Products */,
			);
			sourceTree = "<group>";
		};
		9FED89D52C3AD82F00355A3D /* Products */ = {
			isa = PBXGroup;
			children = (
				9FED89D42C3AD82F00355A3D /* MyCalendar.app */,
				9FED89EA2C3AD83000355A3D /* MyCalendarTests.xctest */,
				9FED89F42C3AD83000355A3D /* MyCalendarUITests.xctest */,
			);
			name = Products;
			sourceTree = "<group>";
		};
		9FED89D62C3AD82F00355A3D /* MyCalendar */ = {
			isa = PBXGroup;
			children = (
				9FED89D72C3AD82F00355A3D /* MyCalendarApp.swift */,
				9FED89D92C3AD82F00355A3D /* Persistence.swift */,
				9FED89DE2C3AD82F00355A3D /* ContentView.swift */,
				9FED89E02C3AD83000355A3D /* Assets.xcassets */,
				9FED89E22C3AD83000355A3D /* MyCalendar.entitlements */,
				9FED89DB2C3AD82F00355A3D /* MyCalendar.xcdatamodeld */,
				9FED89E32C3AD83000355A3D /* Preview Content */,
			);
			path = MyCalendar;
			sourceTree = "<group>";
		};
		9FED89E32C3AD83000355A3D /* Preview Content */ = {
			isa = PBXGroup;
			children = (
				9FED89E42C3AD83000355A3D /* Preview Assets.xcassets */,
			);
			path = "Preview Content";
			sourceTree = "<group>";
		};
		9FED89ED2C3AD83000355A3D /* MyCalendarTests */ = {
			isa = PBXGroup;
			children = (
				9FED89EE2C3AD83000355A3D /* MyCalendarTests.swift */,
			);
			path = MyCalendarTests;
			sourceTree = "<group>";
		};
		9FED89F72C3AD83000355A3D /* MyCalendarUITests */ = {
			isa = PBXGroup;
			children = (
				9FED89F82C3AD83000355A3D /* MyCalendarUITests.swift */,
				9FED89FA2C3AD83000355A3D /* MyCalendarUITestsLaunchTests.swift */,
			);
			path = MyCalendarUITests;
			sourceTree = "<group>";
		};
/* End PBXGroup section */

/* Begin PBXNativeTarget section */
		9FED89D32C3AD82F00355A3D /* MyCalendar */ = {
			isa = PBXNativeTarget;
			buildConfigurationList = 9FED89FE2C3AD83000355A3D /* Build configuration list for PBXNativeTarget "MyCalendar" */;
			buildPhases = (
				9FED89D02C3AD82F00355A3D /* Sources */,
				9FED89D12C3AD82F00355A3D /* Frameworks */,
				9FED89D22C3AD82F00355A3D /* Resources */,
			);
			buildRules = (
			);
			dependencies = (
			);
			name = MyCalendar;
			productName = MyCalendar;
			productReference = 9FED89D42C3AD82F00355A3D /* MyCalendar.app */;
			productType = "com.apple.product-type.application";
		};
		9FED89E92C3AD83000355A3D /* MyCalendarTests */ = {
			isa = PBXNativeTarget;
			buildConfigurationList = 9FED8A012C3AD83000355A3D /* Build configuration list for PBXNativeTarget "MyCalendarTests" */;
			buildPhases = (
				9FED89E62C3AD83000355A3D /* Sources */,
				9FED89E72C3AD83000355A3D /* Frameworks */,
				9FED89E82C3AD83000355A3D /* Resources */,
			);
			buildRules = (
			);
			dependencies = (
				9FED89EC2C3AD83000355A3D /* PBXTargetDependency */,
			);
			name = MyCalendarTests;
			productName = MyCalendarTests;
			productReference = 9FED89EA2C3AD83000355A3D /* MyCalendarTests.xctest */;
			productType = "com.apple.product-type.bundle.unit-test";
		};
		9FED89F32C3AD83000355A3D /* MyCalendarUITests */ = {
			isa = PBXNativeTarget;
			buildConfigurationList = 9FED8A042C3AD83000355A3D /* Build configuration list for PBXNativeTarget "MyCalendarUITests" */;
			buildPhases = (
				9FED89F02C3AD83000355A3D /* Sources */,
				9FED89F12C3AD83000355A3D /* Frameworks */,
				9FED89F22C3AD83000355A3D /* Resources */,
			);
			buildRules = (
			);
			dependencies = (
				9FED89F62C3AD83000355A3D /* PBXTargetDependency */,
			);
			name = MyCalendarUITests;
			productName = MyCalendarUITests;
			productReference = 9FED89F42C3AD83000355A3D /* MyCalendarUITests.xctest */;
			productType = "com.apple.product-type.bundle.ui-testing";
		};
/* End PBXNativeTarget section */

/* Begin PBXProject section */
		9FED89CC2C3AD82F00355A3D /* Project object */ = {
			isa = PBXProject;
			attributes = {
				BuildIndependentTargetsInParallel = 1;
				LastSwiftUpdateCheck = 1540;
				LastUpgradeCheck = 1540;
				TargetAttributes = {
					9FED89D32C3AD82F00355A3D = {
						CreatedOnToolsVersion = 15.4;
					};
					9FED89E92C3AD83000355A3D = {
						CreatedOnToolsVersion = 15.4;
						TestTargetID = 9FED89D32C3AD82F00355A3D;
					};
					9FED89F32C3AD83000355A3D = {
						CreatedOnToolsVersion = 15.4;
						TestTargetID = 9FED89D32C3AD82F00355A3D;
					};
				};
			};
			buildConfigurationList = 9FED89CF2C3AD82F00355A3D /* Build configuration list for PBXProject "MyCalendar" */;
			compatibilityVersion = "Xcode 14.0";
			developmentRegion = en;
			hasScannedForEncodings = 0;
			knownRegions = (
				en,
				Base,
			);
			mainGroup = 9FED89CB2C3AD82F00355A3D;
			productRefGroup = 9FED89D52C3AD82F00355A3D /* Products */;
			projectDirPath = "";
			projectRoot = "";
			targets = (
				9FED89D32C3AD82F00355A3D /* MyCalendar */,
				9FED89E92C3AD83000355A3D /* MyCalendarTests */,
				9FED89F32C3AD83000355A3D /* MyCalendarUITests */,
			);
		};
/* End PBXProject section */

/* Begin PBXResourcesBuildPhase section */
		9FED89D22C3AD82F00355A3D /* Resources */ = {
			isa = PBXResourcesBuildPhase;
			buildActionMask = 2147483647;
			files = (
				9FED89E52C3AD83000355A3D /* Preview Assets.xcassets in Resources */,
				9FED89E12C3AD83000355A3D /* Assets.xcassets in Resources */,
			);
			runOnlyForDeploymentPostprocessing = 0;
		};
		9FED89E82C3AD83000355A3D /* Resources */ = {
			isa = PBXResourcesBuildPhase;
			buildActionMask = 2147483647;
			files = (
			);
			runOnlyForDeploymentPostprocessing = 0;
		};
		9FED89F22C3AD83000355A3D /* Resources */ = {
			isa = PBXResourcesBuildPhase;
			buildActionMask = 2147483647;
			files = (
			);
			runOnlyForDeploymentPostprocessing = 0;
		};
/* End PBXResourcesBuildPhase section */

/* Begin PBXSourcesBuildPhase section */
		9FED89D02C3AD82F00355A3D /* Sources */ = {
			isa = PBXSourcesBuildPhase;
			buildActionMask = 2147483647;
			files = (
				9FED89D82C3AD82F00355A3D /* MyCalendarApp.swift in Sources */,
				9FED89DA2C3AD82F00355A3D /* Persistence.swift in Sources */,
				9FED89DF2C3AD82F00355A3D /* ContentView.swift in Sources */,
				9FED89DD2C3AD82F00355A3D /* MyCalendar.xcdatamodeld in Sources */,
			);
			runOnlyForDeploymentPostprocessing = 0;
		};
		9FED89E62C3AD83000355A3D /* Sources */ = {
			isa = PBXSourcesBuildPhase;
			buildActionMask = 2147483647;
			files = (
				9FED89EF2C3AD83000355A3D /* MyCalendarTests.swift in Sources */,
			);
			runOnlyForDeploymentPostprocessing = 0;
		};
		9FED89F02C3AD83000355A3D /* Sources */ = {
			isa = PBXSourcesBuildPhase;
			buildActionMask = 2147483647;
			files = (
				9FED89FB2C3AD83000355A3D /* MyCalendarUITestsLaunchTests.swift in Sources */,
				9FED89F92C3AD83000355A3D /* MyCalendarUITests.swift in Sources */,
			);
			runOnlyForDeploymentPostprocessing = 0;
		};
/* End PBXSourcesBuildPhase section */

/* Begin PBXTargetDependency section */
		9FED89EC2C3AD83000355A3D /* PBXTargetDependency */ = {
			isa = PBXTargetDependency;
			target = 9FED89D32C3AD82F00355A3D /* MyCalendar */;
			targetProxy = 9FED89EB2C3AD83000355A3D /* PBXContainerItemProxy */;
		};
		9FED89F62C3AD83000355A3D /* PBXTargetDependency */ = {
			isa = PBXTargetDependency;
			target = 9FED89D32C3AD82F00355A3D /* MyCalendar */;
			targetProxy = 9FED89F52C3AD83000355A3D /* PBXContainerItemProxy */;
		};
/* End PBXTargetDependency section */

/* Begin XCBuildConfiguration section */
		9FED89FC2C3AD83000355A3D /* Debug */ = {
			isa = XCBuildConfiguration;
			buildSettings = {
				ALWAYS_SEARCH_USER_PATHS = NO;
				ASSETCATALOG_COMPILER_GENERATE_SWIFT_ASSET_SYMBOL_EXTENSIONS = YES;
				CLANG_ANALYZER_NONNULL = YES;
				CLANG_ANALYZER_NUMBER_OBJECT_CONVERSION = YES_AGGRESSIVE;
				CLANG_CXX_LANGUAGE_STANDARD = "gnu++20";
				CLANG_ENABLE_MODULES = YES;
				CLANG_ENABLE_OBJC_ARC = YES;
				CLANG_ENABLE_OBJC_WEAK = YES;
				CLANG_WARN_BLOCK_CAPTURE_AUTORELEASING = YES;
				CLANG_WARN_BOOL_CONVERSION = YES;
				CLANG_WARN_COMMA = YES;
				CLANG_WARN_CONSTANT_CONVERSION = YES;
				CLANG_WARN_DEPRECATED_OBJC_IMPLEMENTATIONS = YES;
				CLANG_WARN_DIRECT_OBJC_ISA_USAGE = YES_ERROR;
				CLANG_WARN_DOCUMENTATION_COMMENTS = YES;
				CLANG_WARN_EMPTY_BODY = YES;
				CLANG_WARN_ENUM_CONVERSION = YES;
				CLANG_WARN_INFINITE_RECURSION = YES;
				CLANG_WARN_INT_CONVERSION = YES;
				CLANG_WARN_NON_LITERAL_NULL_CONVERSION = YES;
				CLANG_WARN_OBJC_IMPLICIT_RETAIN_SELF = YES;
				CLANG_WARN_OBJC_LITERAL_CONVERSION = YES;
				CLANG_WARN_OBJC_ROOT_CLASS = YES_ERROR;
				CLANG_WARN_QUOTED_INCLUDE_IN_FRAMEWORK_HEADER = YES;
				CLANG_WARN_RANGE_LOOP_ANALYSIS = YES;
				CLANG_WARN_STRICT_PROTOTYPES = YES;
				CLANG_WARN_SUSPICIOUS_MOVE = YES;
				CLANG_WARN_UNGUARDED_AVAILABILITY = YES_AGGRESSIVE;
				CLANG_WARN_UNREACHABLE_CODE = YES;
				CLANG_WARN__DUPLICATE_METHOD_MATCH = YES;
				COPY_PHASE_STRIP = NO;
				DEBUG_INFORMATION_FORMAT = dwarf;
				ENABLE_STRICT_OBJC_MSGSEND = YES;
				ENABLE_TESTABILITY = YES;
				ENABLE_USER_SCRIPT_SANDBOXING = YES;
				GCC_C_LANGUAGE_STANDARD = gnu17;
				GCC_DYNAMIC_NO_PIC = NO;
				GCC_NO_COMMON_BLOCKS = YES;
				GCC_OPTIMIZATION_LEVEL = 0;
				GCC_PREPROCESSOR_DEFINITIONS = (
					"DEBUG=1",
					"$(inherited)",
				);
				GCC_WARN_64_TO_32_BIT_CONVERSION = YES;
				GCC_WARN_ABOUT_RETURN_TYPE = YES_ERROR;
				GCC_WARN_UNDECLARED_SELECTOR = YES;
				GCC_WARN_UNINITIALIZED_AUTOS = YES_AGGRESSIVE;
				GCC_WARN_UNUSED_FUNCTION = YES;
				GCC_WARN_UNUSED_VARIABLE = YES;
				LOCALIZATION_PREFERS_STRING_CATALOGS = YES;
				MTL_ENABLE_DEBUG_INFO = INCLUDE_SOURCE;
				MTL_FAST_MATH = YES;
				ONLY_ACTIVE_ARCH = YES;
				SWIFT_ACTIVE_COMPILATION_CONDITIONS = "DEBUG $(inherited)";
				SWIFT_OPTIMIZATION_LEVEL = "-Onone";
			};
			name = Debug;
		};
		9FED89FD2C3AD83000355A3D /* Release */ = {
			isa = XCBuildConfiguration;
			buildSettings = {
				ALWAYS_SEARCH_USER_PATHS = NO;
				ASSETCATALOG_COMPILER_GENERATE_SWIFT_ASSET_SYMBOL_EXTENSIONS = YES;
				CLANG_ANALYZER_NONNULL = YES;
				CLANG_ANALYZER_NUMBER_OBJECT_CONVERSION = YES_AGGRESSIVE;
				CLANG_CXX_LANGUAGE_STANDARD = "gnu++20";
				CLANG_ENABLE_MODULES = YES;
				CLANG_ENABLE_OBJC_ARC = YES;
				CLANG_ENABLE_OBJC_WEAK = YES;
				CLANG_WARN_BLOCK_CAPTURE_AUTORELEASING = YES;
				CLANG_WARN_BOOL_CONVERSION = YES;
				CLANG_WARN_COMMA = YES;
				CLANG_WARN_CONSTANT_CONVERSION = YES;
				CLANG_WARN_DEPRECATED_OBJC_IMPLEMENTATIONS = YES;
				CLANG_WARN_DIRECT_OBJC_ISA_USAGE = YES_ERROR;
				CLANG_WARN_DOCUMENTATION_COMMENTS = YES;
				CLANG_WARN_EMPTY_BODY = YES;
				CLANG_WARN_ENUM_CONVERSION = YES;
				CLANG_WARN_INFINITE_RECURSION = YES;
				CLANG_WARN_INT_CONVERSION = YES;
				CLANG_WARN_NON_LITERAL_NULL_CONVERSION = YES;
				CLANG_WARN_OBJC_IMPLICIT_RETAIN_SELF = YES;
				CLANG_WARN_OBJC_LITERAL_CONVERSION = YES;
				CLANG_WARN_OBJC_ROOT_CLASS = YES_ERROR;
				CLANG_WARN_QUOTED_INCLUDE_IN_FRAMEWORK_HEADER = YES;
				CLANG_WARN_RANGE_LOOP_ANALYSIS = YES;
				CLANG_WARN_STRICT_PROTOTYPES = YES;
				CLANG_WARN_SUSPICIOUS_MOVE = YES;
				CLANG_WARN_UNGUARDED_AVAILABILITY = YES_AGGRESSIVE;
				CLANG_WARN_UNREACHABLE_CODE = YES;
				CLANG_WARN__DUPLICATE_METHOD_MATCH = YES;
				COPY_PHASE_STRIP = NO;
				DEBUG_INFORMATION_FORMAT = "dwarf-with-dsym";
				ENABLE_NS_ASSERTIONS = NO;
				ENABLE_STRICT_OBJC_MSGSEND = YES;
				ENABLE_USER_SCRIPT_SANDBOXING = YES;
				GCC_C_LANGUAGE_STANDARD = gnu17;
				GCC_NO_COMMON_BLOCKS = YES;
				GCC_WARN_64_TO_32_BIT_CONVERSION = YES;
				GCC_WARN_ABOUT_RETURN_TYPE = YES_ERROR;
				GCC_WARN_UNDECLARED_SELECTOR = YES;
				GCC_WARN_UNINITIALIZED_AUTOS = YES_AGGRESSIVE;
				GCC_WARN_UNUSED_FUNCTION = YES;
				GCC_WARN_UNUSED_VARIABLE = YES;
				LOCALIZATION_PREFERS_STRING_CATALOGS = YES;
				MTL_ENABLE_DEBUG_INFO = NO;
				MTL_FAST_MATH = YES;
				SWIFT_COMPILATION_MODE = wholemodule;
			};
			name = Release;
		};
		9FED89FF2C3AD83000355A3D /* Debug */ = {
			isa = XCBuildConfiguration;
			buildSettings = {
				ASSETCATALOG_COMPILER_APPICON_NAME = AppIcon;
				ASSETCATALOG_COMPILER_GLOBAL_ACCENT_COLOR_NAME = AccentColor;
				CODE_SIGN_ENTITLEMENTS = MyCalendar/MyCalendar.entitlements;
				CODE_SIGN_STYLE = Automatic;
				CURRENT_PROJECT_VERSION = 1;
				DEVELOPMENT_ASSET_PATHS = "\"MyCalendar/Preview Content\"";
				DEVELOPMENT_TEAM = K88WBS5YVJ;
				ENABLE_HARDENED_RUNTIME = YES;
				ENABLE_PREVIEWS = YES;
				GENERATE_INFOPLIST_FILE = YES;
				"INFOPLIST_KEY_UIApplicationSceneManifest_Generation[sdk=iphoneos*]" = YES;
				"INFOPLIST_KEY_UIApplicationSceneManifest_Generation[sdk=iphonesimulator*]" = YES;
				"INFOPLIST_KEY_UIApplicationSupportsIndirectInputEvents[sdk=iphoneos*]" = YES;
				"INFOPLIST_KEY_UIApplicationSupportsIndirectInputEvents[sdk=iphonesimulator*]" = YES;
				"INFOPLIST_KEY_UILaunchScreen_Generation[sdk=iphoneos*]" = YES;
				"INFOPLIST_KEY_UILaunchScreen_Generation[sdk=iphonesimulator*]" = YES;
				"INFOPLIST_KEY_UIStatusBarStyle[sdk=iphoneos*]" = UIStatusBarStyleDefault;
				"INFOPLIST_KEY_UIStatusBarStyle[sdk=iphonesimulator*]" = UIStatusBarStyleDefault;
				INFOPLIST_KEY_UISupportedInterfaceOrientations_iPad = "UIInterfaceOrientationPortrait UIInterfaceOrientationPortraitUpsideDown UIInterfaceOrientationLandscapeLeft UIInterfaceOrientationLandscapeRight";
				INFOPLIST_KEY_UISupportedInterfaceOrientations_iPhone = "UIInterfaceOrientationPortrait UIInterfaceOrientationLandscapeLeft UIInterfaceOrientationLandscapeRight";
				IPHONEOS_DEPLOYMENT_TARGET = 17.5;
				LD_RUNPATH_SEARCH_PATHS = "@executable_path/Frameworks";
				"LD_RUNPATH_SEARCH_PATHS[sdk=macosx*]" = "@executable_path/../Frameworks";
				MACOSX_DEPLOYMENT_TARGET = 14.5;
				MARKETING_VERSION = 1.0;
				PRODUCT_BUNDLE_IDENTIFIER = com.bruno.MyCalendar.MyCalendar;
				PRODUCT_NAME = "$(TARGET_NAME)";
				SDKROOT = auto;
				SUPPORTED_PLATFORMS = "iphoneos iphonesimulator macosx";
				SWIFT_EMIT_LOC_STRINGS = YES;
				SWIFT_VERSION = 5.0;
				TARGETED_DEVICE_FAMILY = "1,2";
			};
			name = Debug;
		};
		9FED8A002C3AD83000355A3D /* Release */ = {
			isa = XCBuildConfiguration;
			buildSettings = {
				ASSETCATALOG_COMPILER_APPICON_NAME = AppIcon;
				ASSETCATALOG_COMPILER_GLOBAL_ACCENT_COLOR_NAME = AccentColor;
				CODE_SIGN_ENTITLEMENTS = MyCalendar/MyCalendar.entitlements;
				CODE_SIGN_STYLE = Automatic;
				CURRENT_PROJECT_VERSION = 1;
				DEVELOPMENT_ASSET_PATHS = "\"MyCalendar/Preview Content\"";
				DEVELOPMENT_TEAM = K88WBS5YVJ;
				ENABLE_HARDENED_RUNTIME = YES;
				ENABLE_PREVIEWS = YES;
				GENERATE_INFOPLIST_FILE = YES;
				"INFOPLIST_KEY_UIApplicationSceneManifest_Generation[sdk=iphoneos*]" = YES;
				"INFOPLIST_KEY_UIApplicationSceneManifest_Generation[sdk=iphonesimulator*]" = YES;
				"INFOPLIST_KEY_UIApplicationSupportsIndirectInputEvents[sdk=iphoneos*]" = YES;
				"INFOPLIST_KEY_UIApplicationSupportsIndirectInputEvents[sdk=iphonesimulator*]" = YES;
				"INFOPLIST_KEY_UILaunchScreen_Generation[sdk=iphoneos*]" = YES;
				"INFOPLIST_KEY_UILaunchScreen_Generation[sdk=iphonesimulator*]" = YES;
				"INFOPLIST_KEY_UIStatusBarStyle[sdk=iphoneos*]" = UIStatusBarStyleDefault;
				"INFOPLIST_KEY_UIStatusBarStyle[sdk=iphonesimulator*]" = UIStatusBarStyleDefault;
				INFOPLIST_KEY_UISupportedInterfaceOrientations_iPad = "UIInterfaceOrientationPortrait UIInterfaceOrientationPortraitUpsideDown UIInterfaceOrientationLandscapeLeft UIInterfaceOrientationLandscapeRight";
				INFOPLIST_KEY_UISupportedInterfaceOrientations_iPhone = "UIInterfaceOrientationPortrait UIInterfaceOrientationLandscapeLeft UIInterfaceOrientationLandscapeRight";
				IPHONEOS_DEPLOYMENT_TARGET = 17.5;
				LD_RUNPATH_SEARCH_PATHS = "@executable_path/Frameworks";
				"LD_RUNPATH_SEARCH_PATHS[sdk=macosx*]" = "@executable_path/../Frameworks";
				MACOSX_DEPLOYMENT_TARGET = 14.5;
				MARKETING_VERSION = 1.0;
				PRODUCT_BUNDLE_IDENTIFIER = com.bruno.MyCalendar.MyCalendar;
				PRODUCT_NAME = "$(TARGET_NAME)";
				SDKROOT = auto;
				SUPPORTED_PLATFORMS = "iphoneos iphonesimulator macosx";
				SWIFT_EMIT_LOC_STRINGS = YES;
				SWIFT_VERSION = 5.0;
				TARGETED_DEVICE_FAMILY = "1,2";
			};
			name = Release;
		};
		9FED8A022C3AD83000355A3D /* Debug */ = {
			isa = XCBuildConfiguration;
			buildSettings = {
				ALWAYS_EMBED_SWIFT_STANDARD_LIBRARIES = YES;
				BUNDLE_LOADER = "$(TEST_HOST)";
				CODE_SIGN_STYLE = Automatic;
				CURRENT_PROJECT_VERSION = 1;
				DEVELOPMENT_TEAM = K88WBS5YVJ;
				GENERATE_INFOPLIST_FILE = YES;
				IPHONEOS_DEPLOYMENT_TARGET = 17.5;
				MACOSX_DEPLOYMENT_TARGET = 14.5;
				MARKETING_VERSION = 1.0;
				PRODUCT_BUNDLE_IDENTIFIER = com.bruno.MyCalendar.MyCalendarTests;
				PRODUCT_NAME = "$(TARGET_NAME)";
				SDKROOT = auto;
				SUPPORTED_PLATFORMS = "iphoneos iphonesimulator macosx";
				SWIFT_EMIT_LOC_STRINGS = NO;
				SWIFT_VERSION = 5.0;
				TARGETED_DEVICE_FAMILY = "1,2";
				TEST_HOST = "$(BUILT_PRODUCTS_DIR)/MyCalendar.app/$(BUNDLE_EXECUTABLE_FOLDER_PATH)/MyCalendar";
			};
			name = Debug;
		};
		9FED8A032C3AD83000355A3D /* Release */ = {
			isa = XCBuildConfiguration;
			buildSettings = {
				ALWAYS_EMBED_SWIFT_STANDARD_LIBRARIES = YES;
				BUNDLE_LOADER = "$(TEST_HOST)";
				CODE_SIGN_STYLE = Automatic;
				CURRENT_PROJECT_VERSION = 1;
				DEVELOPMENT_TEAM = K88WBS5YVJ;
				GENERATE_INFOPLIST_FILE = YES;
				IPHONEOS_DEPLOYMENT_TARGET = 17.5;
				MACOSX_DEPLOYMENT_TARGET = 14.5;
				MARKETING_VERSION = 1.0;
				PRODUCT_BUNDLE_IDENTIFIER = com.bruno.MyCalendar.MyCalendarTests;
				PRODUCT_NAME = "$(TARGET_NAME)";
				SDKROOT = auto;
				SUPPORTED_PLATFORMS = "iphoneos iphonesimulator macosx";
				SWIFT_EMIT_LOC_STRINGS = NO;
				SWIFT_VERSION = 5.0;
				TARGETED_DEVICE_FAMILY = "1,2";
				TEST_HOST = "$(BUILT_PRODUCTS_DIR)/MyCalendar.app/$(BUNDLE_EXECUTABLE_FOLDER_PATH)/MyCalendar";
			};
			name = Release;
		};
		9FED8A052C3AD83000355A3D /* Debug */ = {
			isa = XCBuildConfiguration;
			buildSettings = {
				ALWAYS_EMBED_SWIFT_STANDARD_LIBRARIES = YES;
				CODE_SIGN_STYLE = Automatic;
				CURRENT_PROJECT_VERSION = 1;
				DEVELOPMENT_TEAM = K88WBS5YVJ;
				GENERATE_INFOPLIST_FILE = YES;
				IPHONEOS_DEPLOYMENT_TARGET = 17.5;
				MACOSX_DEPLOYMENT_TARGET = 14.5;
				MARKETING_VERSION = 1.0;
				PRODUCT_BUNDLE_IDENTIFIER = com.bruno.MyCalendar.MyCalendarUITests;
				PRODUCT_NAME = "$(TARGET_NAME)";
				SDKROOT = auto;
				SUPPORTED_PLATFORMS = "iphoneos iphonesimulator macosx";
				SWIFT_EMIT_LOC_STRINGS = NO;
				SWIFT_VERSION = 5.0;
				TARGETED_DEVICE_FAMILY = "1,2";
				TEST_TARGET_NAME = MyCalendar;
			};
			name = Debug;
		};
		9FED8A062C3AD83000355A3D /* Release */ = {
			isa = XCBuildConfiguration;
			buildSettings = {
				ALWAYS_EMBED_SWIFT_STANDARD_LIBRARIES = YES;
				CODE_SIGN_STYLE = Automatic;
				CURRENT_PROJECT_VERSION = 1;
				DEVELOPMENT_TEAM = K88WBS5YVJ;
				GENERATE_INFOPLIST_FILE = YES;
				IPHONEOS_DEPLOYMENT_TARGET = 17.5;
				MACOSX_DEPLOYMENT_TARGET = 14.5;
				MARKETING_VERSION = 1.0;
				PRODUCT_BUNDLE_IDENTIFIER = com.bruno.MyCalendar.MyCalendarUITests;
				PRODUCT_NAME = "$(TARGET_NAME)";
				SDKROOT = auto;
				SUPPORTED_PLATFORMS = "iphoneos iphonesimulator macosx";
				SWIFT_EMIT_LOC_STRINGS = NO;
				SWIFT_VERSION = 5.0;
				TARGETED_DEVICE_FAMILY = "1,2";
				TEST_TARGET_NAME = MyCalendar;
			};
			name = Release;
		};
/* End XCBuildConfiguration section */

/* Begin XCConfigurationList section */
		9FED89CF2C3AD82F00355A3D /* Build configuration list for PBXProject "MyCalendar" */ = {
			isa = XCConfigurationList;
			buildConfigurations = (
				9FED89FC2C3AD83000355A3D /* Debug */,
				9FED89FD2C3AD83000355A3D /* Release */,
			);
			defaultConfigurationIsVisible = 0;
			defaultConfigurationName = Release;
		};
		9FED89FE2C3AD83000355A3D /* Build configuration list for PBXNativeTarget "MyCalendar" */ = {
			isa = XCConfigurationList;
			buildConfigurations = (
				9FED89FF2C3AD83000355A3D /* Debug */,
				9FED8A002C3AD83000355A3D /* Release */,
			);
			defaultConfigurationIsVisible = 0;
			defaultConfigurationName = Release;
		};
		9FED8A012C3AD83000355A3D /* Build configuration list for PBXNativeTarget "MyCalendarTests" */ = {
			isa = XCConfigurationList;
			buildConfigurations = (
				9FED8A022C3AD83000355A3D /* Debug */,
				9FED8A032C3AD83000355A3D /* Release */,
			);
			defaultConfigurationIsVisible = 0;
			defaultConfigurationName = Release;
		};
		9FED8A042C3AD83000355A3D /* Build configuration list for PBXNativeTarget "MyCalendarUITests" */ = {
			isa = XCConfigurationList;
			buildConfigurations = (
				9FED8A052C3AD83000355A3D /* Debug */,
				9FED8A062C3AD83000355A3D /* Release */,
			);
			defaultConfigurationIsVisible = 0;
			defaultConfigurationName = Release;
		};
/* End XCConfigurationList section */

/* Begin XCVersionGroup section */
		9FED89DB2C3AD82F00355A3D /* MyCalendar.xcdatamodeld */ = {
			isa = XCVersionGroup;
			children = (
				9FED89DC2C3AD82F00355A3D /* MyCalendar.xcdatamodel */,
			);
			currentVersion = 9FED89DC2C3AD82F00355A3D /* MyCalendar.xcdatamodel */;
			path = MyCalendar.xcdatamodeld;
			sourceTree = "<group>";
			versionGroupType = wrapper.xcdatamodel;
		};
/* End XCVersionGroup section */
	};
	rootObject = 9FED89CC2C3AD82F00355A3D /* Project object */;
}
